
Microsoft Visual Studio Solution File, Format Version 12.00
# Visual Studio Version 16
VisualStudioVersion = 16.0.29509.3
MinimumVisualStudioVersion = 10.0.40219.1
Project("{FAE04EC0-301F-11D3-BF4B-00C04F79EFBC}") = "WhatsAppArchiveReader", "WhatsAppArchiveReader\WhatsAppArchiveReader.csproj", "{D1544994-262E-461B-A7BF-369E87A40844}"
EndProject
Global
	GlobalSection(SolutionConfigurationPlatforms) = preSolution
		Debug|Any CPU = Debug|Any CPU
		Release|Any CPU = Release|Any CPU
	EndGlobalSection
	GlobalSection(ProjectConfigurationPlatforms) = postSolution
		{D1544994-262E-461B-A7BF-369E87A40844}.Debug|Any CPU.ActiveCfg = Debug|Any CPU
		{D1544994-262E-461B-A7BF-369E87A40844}.Debug|Any CPU.Build.0 = Debug|Any CPU
		{D1544994-262E-461B-A7BF-369E87A40844}.Release|Any CPU.ActiveCfg = Release|Any CPU
		{D1544994-262E-461B-A7BF-369E87A40844}.Release|Any CPU.Build.0 = Release|Any CPU
	EndGlobalSection
	GlobalSection(SolutionProperties) = preSolution
		HideSolutionNode = FALSE
	EndGlobalSection
	GlobalSection(ExtensibilityGlobals) = postSolution
		SolutionGuid = {6C58734A-D0F6-480B-A565-DDC1E4C2ABE0}
	EndGlobalSection
EndGlobal
